
Microsoft Visual Studio Solution File, Format Version 12.00
# Visual Studio Version 17
VisualStudioVersion = 17.9.34321.82
MinimumVisualStudioVersion = 10.0.40219.1
Project("{FAE04EC0-301F-11D3-BF4B-00C04F79EFBC}") = "task2", "task2.csproj", "{12D020AF-FFEB-4AD8-A824-1C157915D7F2}"
EndProject
Global
	GlobalSection(SolutionConfigurationPlatforms) = preSolution
		Debug|Any CPU = Debug|Any CPU
		Release|Any CPU = Release|Any CPU
	EndGlobalSection
	GlobalSection(ProjectConfigurationPlatforms) = postSolution
		{12D020AF-FFEB-4AD8-A824-1C157915D7F2}.Debug|Any CPU.ActiveCfg = Debug|Any CPU
		{12D020AF-FFEB-4AD8-A824-1C157915D7F2}.Debug|Any CPU.Build.0 = Debug|Any CPU
		{12D020AF-FFEB-4AD8-A824-1C157915D7F2}.Release|Any CPU.ActiveCfg = Release|Any CPU
		{12D020AF-FFEB-4AD8-A824-1C157915D7F2}.Release|Any CPU.Build.0 = Release|Any CPU
	EndGlobalSection
	GlobalSection(SolutionProperties) = preSolution
		HideSolutionNode = FALSE
	EndGlobalSection
	GlobalSection(ExtensibilityGlobals) = postSolution
		SolutionGuid = {4140399B-32FE-4358-9F8B-ECAA37366C0B}
	EndGlobalSection
EndGlobal
