
Microsoft Visual Studio Solution File, Format Version 12.00
# Visual Studio Version 17
VisualStudioVersion = 17.11.35219.272
MinimumVisualStudioVersion = 10.0.40219.1
Project("{FAE04EC0-301F-11D3-BF4B-00C04F79EFBC}") = "Para 3", "Para 3.csproj", "{7DF8A91B-0B75-4672-A0E6-9733243FB1AB}"
EndProject
Global
	GlobalSection(SolutionConfigurationPlatforms) = preSolution
		Debug|Any CPU = Debug|Any CPU
		Release|Any CPU = Release|Any CPU
	EndGlobalSection
	GlobalSection(ProjectConfigurationPlatforms) = postSolution
		{7DF8A91B-0B75-4672-A0E6-9733243FB1AB}.Debug|Any CPU.ActiveCfg = Debug|Any CPU
		{7DF8A91B-0B75-4672-A0E6-9733243FB1AB}.Debug|Any CPU.Build.0 = Debug|Any CPU
		{7DF8A91B-0B75-4672-A0E6-9733243FB1AB}.Release|Any CPU.ActiveCfg = Release|Any CPU
		{7DF8A91B-0B75-4672-A0E6-9733243FB1AB}.Release|Any CPU.Build.0 = Release|Any CPU
	EndGlobalSection
	GlobalSection(SolutionProperties) = preSolution
		HideSolutionNode = FALSE
	EndGlobalSection
	GlobalSection(ExtensibilityGlobals) = postSolution
		SolutionGuid = {29161707-7C19-4060-8D8E-E45EAC40E513}
	EndGlobalSection
EndGlobal
