
Microsoft Visual Studio Solution File, Format Version 12.00
# Visual Studio Version 17
VisualStudioVersion = 17.11.35219.272
MinimumVisualStudioVersion = 10.0.40219.1
Project("{8BC9CEB8-8B4A-11D0-8D11-00A0C91BC942}") = "Exem", "Exem.vcxproj", "{E7BB1EE8-3CE6-4798-9B10-6E8580584A91}"
EndProject
Global
	GlobalSection(SolutionConfigurationPlatforms) = preSolution
		Debug|x64 = Debug|x64
		Debug|x86 = Debug|x86
		Release|x64 = Release|x64
		Release|x86 = Release|x86
	EndGlobalSection
	GlobalSection(ProjectConfigurationPlatforms) = postSolution
		{E7BB1EE8-3CE6-4798-9B10-6E8580584A91}.Debug|x64.ActiveCfg = Debug|x64
		{E7BB1EE8-3CE6-4798-9B10-6E8580584A91}.Debug|x64.Build.0 = Debug|x64
		{E7BB1EE8-3CE6-4798-9B10-6E8580584A91}.Debug|x86.ActiveCfg = Debug|Win32
		{E7BB1EE8-3CE6-4798-9B10-6E8580584A91}.Debug|x86.Build.0 = Debug|Win32
		{E7BB1EE8-3CE6-4798-9B10-6E8580584A91}.Release|x64.ActiveCfg = Release|x64
		{E7BB1EE8-3CE6-4798-9B10-6E8580584A91}.Release|x64.Build.0 = Release|x64
		{E7BB1EE8-3CE6-4798-9B10-6E8580584A91}.Release|x86.ActiveCfg = Release|Win32
		{E7BB1EE8-3CE6-4798-9B10-6E8580584A91}.Release|x86.Build.0 = Release|Win32
	EndGlobalSection
	GlobalSection(SolutionProperties) = preSolution
		HideSolutionNode = FALSE
	EndGlobalSection
	GlobalSection(ExtensibilityGlobals) = postSolution
		SolutionGuid = {36DFA882-2813-48C9-B665-65211A49D3CA}
	EndGlobalSection
EndGlobal
