
Microsoft Visual Studio Solution File, Format Version 12.00
# Visual Studio Version 17
VisualStudioVersion = 17.9.34321.82
MinimumVisualStudioVersion = 10.0.40219.1
Project("{FAE04EC0-301F-11D3-BF4B-00C04F79EFBC}") = "WinFormsApp_ContactBook", "WinFormsApp_ContactBook.csproj", "{9C7E54A4-3044-4D28-A1BC-E2867C71DEDC}"
EndProject
Global
	GlobalSection(SolutionConfigurationPlatforms) = preSolution
		Debug|Any CPU = Debug|Any CPU
		Release|Any CPU = Release|Any CPU
	EndGlobalSection
	GlobalSection(ProjectConfigurationPlatforms) = postSolution
		{9C7E54A4-3044-4D28-A1BC-E2867C71DEDC}.Debug|Any CPU.ActiveCfg = Debug|Any CPU
		{9C7E54A4-3044-4D28-A1BC-E2867C71DEDC}.Debug|Any CPU.Build.0 = Debug|Any CPU
		{9C7E54A4-3044-4D28-A1BC-E2867C71DEDC}.Release|Any CPU.ActiveCfg = Release|Any CPU
		{9C7E54A4-3044-4D28-A1BC-E2867C71DEDC}.Release|Any CPU.Build.0 = Release|Any CPU
	EndGlobalSection
	GlobalSection(SolutionProperties) = preSolution
		HideSolutionNode = FALSE
	EndGlobalSection
	GlobalSection(ExtensibilityGlobals) = postSolution
		SolutionGuid = {B26D4CD7-D4AE-4EDF-ABDA-645EC1C8005B}
	EndGlobalSection
EndGlobal
