
Microsoft Visual Studio Solution File, Format Version 12.00
# Visual Studio Version 17
VisualStudioVersion = 17.9.34321.82
MinimumVisualStudioVersion = 10.0.40219.1
Project("{FAE04EC0-301F-11D3-BF4B-00C04F79EFBC}") = "Queue", "Queue.csproj", "{B46981D9-FB6B-45E3-BCC0-822AB1E2AC18}"
EndProject
Global
	GlobalSection(SolutionConfigurationPlatforms) = preSolution
		Debug|Any CPU = Debug|Any CPU
		Release|Any CPU = Release|Any CPU
	EndGlobalSection
	GlobalSection(ProjectConfigurationPlatforms) = postSolution
		{B46981D9-FB6B-45E3-BCC0-822AB1E2AC18}.Debug|Any CPU.ActiveCfg = Debug|Any CPU
		{B46981D9-FB6B-45E3-BCC0-822AB1E2AC18}.Debug|Any CPU.Build.0 = Debug|Any CPU
		{B46981D9-FB6B-45E3-BCC0-822AB1E2AC18}.Release|Any CPU.ActiveCfg = Release|Any CPU
		{B46981D9-FB6B-45E3-BCC0-822AB1E2AC18}.Release|Any CPU.Build.0 = Release|Any CPU
	EndGlobalSection
	GlobalSection(SolutionProperties) = preSolution
		HideSolutionNode = FALSE
	EndGlobalSection
	GlobalSection(ExtensibilityGlobals) = postSolution
		SolutionGuid = {B34F3B0A-8097-4809-B7E9-0E095456D7C5}
	EndGlobalSection
EndGlobal
