
Microsoft Visual Studio Solution File, Format Version 12.00
# Visual Studio Version 17
VisualStudioVersion = 17.9.34321.82
MinimumVisualStudioVersion = 10.0.40219.1
Project("{FAE04EC0-301F-11D3-BF4B-00C04F79EFBC}") = "ShopPictures", "ShopPictures.csproj", "{12DA7207-2CE8-4EFC-A044-B7464F723F34}"
EndProject
Global
	GlobalSection(SolutionConfigurationPlatforms) = preSolution
		Debug|Any CPU = Debug|Any CPU
		Release|Any CPU = Release|Any CPU
	EndGlobalSection
	GlobalSection(ProjectConfigurationPlatforms) = postSolution
		{12DA7207-2CE8-4EFC-A044-B7464F723F34}.Debug|Any CPU.ActiveCfg = Debug|Any CPU
		{12DA7207-2CE8-4EFC-A044-B7464F723F34}.Debug|Any CPU.Build.0 = Debug|Any CPU
		{12DA7207-2CE8-4EFC-A044-B7464F723F34}.Release|Any CPU.ActiveCfg = Release|Any CPU
		{12DA7207-2CE8-4EFC-A044-B7464F723F34}.Release|Any CPU.Build.0 = Release|Any CPU
	EndGlobalSection
	GlobalSection(SolutionProperties) = preSolution
		HideSolutionNode = FALSE
	EndGlobalSection
	GlobalSection(ExtensibilityGlobals) = postSolution
		SolutionGuid = {0E9453D1-64D9-468E-AF62-0791F4AB41B8}
	EndGlobalSection
EndGlobal
