
Microsoft Visual Studio Solution File, Format Version 12.00
# Visual Studio Version 17
VisualStudioVersion = 17.9.34321.82
MinimumVisualStudioVersion = 10.0.40219.1
Project("{FAE04EC0-301F-11D3-BF4B-00C04F79EFBC}") = "ConsoleApp1", "ConsoleApp1.csproj", "{F83597E0-85AE-49AE-AE56-41F6EF1C240C}"
EndProject
Global
	GlobalSection(SolutionConfigurationPlatforms) = preSolution
		Debug|Any CPU = Debug|Any CPU
		Release|Any CPU = Release|Any CPU
	EndGlobalSection
	GlobalSection(ProjectConfigurationPlatforms) = postSolution
		{F83597E0-85AE-49AE-AE56-41F6EF1C240C}.Debug|Any CPU.ActiveCfg = Debug|Any CPU
		{F83597E0-85AE-49AE-AE56-41F6EF1C240C}.Debug|Any CPU.Build.0 = Debug|Any CPU
		{F83597E0-85AE-49AE-AE56-41F6EF1C240C}.Release|Any CPU.ActiveCfg = Release|Any CPU
		{F83597E0-85AE-49AE-AE56-41F6EF1C240C}.Release|Any CPU.Build.0 = Release|Any CPU
	EndGlobalSection
	GlobalSection(SolutionProperties) = preSolution
		HideSolutionNode = FALSE
	EndGlobalSection
	GlobalSection(ExtensibilityGlobals) = postSolution
		SolutionGuid = {19B91A31-97E2-4271-B853-8688DFB1D0EB}
	EndGlobalSection
EndGlobal
