
Microsoft Visual Studio Solution File, Format Version 12.00
# Visual Studio Version 17
VisualStudioVersion = 17.11.35219.272
MinimumVisualStudioVersion = 10.0.40219.1
Project("{FAE04EC0-301F-11D3-BF4B-00C04F79EFBC}") = "ConsoleApp1", "ConsoleApp1.csproj", "{6632408E-A5D1-40D8-931B-50F1D6098BC1}"
EndProject
Global
	GlobalSection(SolutionConfigurationPlatforms) = preSolution
		Debug|Any CPU = Debug|Any CPU
		Release|Any CPU = Release|Any CPU
	EndGlobalSection
	GlobalSection(ProjectConfigurationPlatforms) = postSolution
		{6632408E-A5D1-40D8-931B-50F1D6098BC1}.Debug|Any CPU.ActiveCfg = Debug|Any CPU
		{6632408E-A5D1-40D8-931B-50F1D6098BC1}.Debug|Any CPU.Build.0 = Debug|Any CPU
		{6632408E-A5D1-40D8-931B-50F1D6098BC1}.Release|Any CPU.ActiveCfg = Release|Any CPU
		{6632408E-A5D1-40D8-931B-50F1D6098BC1}.Release|Any CPU.Build.0 = Release|Any CPU
	EndGlobalSection
	GlobalSection(SolutionProperties) = preSolution
		HideSolutionNode = FALSE
	EndGlobalSection
	GlobalSection(ExtensibilityGlobals) = postSolution
		SolutionGuid = {03EE1C4F-C481-4FC9-90CD-F206061802D1}
	EndGlobalSection
EndGlobal
