
Microsoft Visual Studio Solution File, Format Version 12.00
# Visual Studio Version 17
VisualStudioVersion = 17.9.34321.82
MinimumVisualStudioVersion = 10.0.40219.1
Project("{FAE04EC0-301F-11D3-BF4B-00C04F79EFBC}") = "para1", "para1.csproj", "{70BE2AF1-BC68-410E-AA86-51282B80743C}"
EndProject
Global
	GlobalSection(SolutionConfigurationPlatforms) = preSolution
		Debug|Any CPU = Debug|Any CPU
		Release|Any CPU = Release|Any CPU
	EndGlobalSection
	GlobalSection(ProjectConfigurationPlatforms) = postSolution
		{70BE2AF1-BC68-410E-AA86-51282B80743C}.Debug|Any CPU.ActiveCfg = Debug|Any CPU
		{70BE2AF1-BC68-410E-AA86-51282B80743C}.Debug|Any CPU.Build.0 = Debug|Any CPU
		{70BE2AF1-BC68-410E-AA86-51282B80743C}.Release|Any CPU.ActiveCfg = Release|Any CPU
		{70BE2AF1-BC68-410E-AA86-51282B80743C}.Release|Any CPU.Build.0 = Release|Any CPU
	EndGlobalSection
	GlobalSection(SolutionProperties) = preSolution
		HideSolutionNode = FALSE
	EndGlobalSection
	GlobalSection(ExtensibilityGlobals) = postSolution
		SolutionGuid = {74415B3D-37B0-4645-BEC1-E49A616B0D60}
	EndGlobalSection
EndGlobal
