
Microsoft Visual Studio Solution File, Format Version 12.00
# Visual Studio Version 17
VisualStudioVersion = 17.11.35219.272
MinimumVisualStudioVersion = 10.0.40219.1
Project("{FAE04EC0-301F-11D3-BF4B-00C04F79EFBC}") = "Para 1", "Para 1.csproj", "{D016E83A-6662-4BA7-8A8A-C90862C70C48}"
EndProject
Global
	GlobalSection(SolutionConfigurationPlatforms) = preSolution
		Debug|Any CPU = Debug|Any CPU
		Release|Any CPU = Release|Any CPU
	EndGlobalSection
	GlobalSection(ProjectConfigurationPlatforms) = postSolution
		{D016E83A-6662-4BA7-8A8A-C90862C70C48}.Debug|Any CPU.ActiveCfg = Debug|Any CPU
		{D016E83A-6662-4BA7-8A8A-C90862C70C48}.Debug|Any CPU.Build.0 = Debug|Any CPU
		{D016E83A-6662-4BA7-8A8A-C90862C70C48}.Release|Any CPU.ActiveCfg = Release|Any CPU
		{D016E83A-6662-4BA7-8A8A-C90862C70C48}.Release|Any CPU.Build.0 = Release|Any CPU
	EndGlobalSection
	GlobalSection(SolutionProperties) = preSolution
		HideSolutionNode = FALSE
	EndGlobalSection
	GlobalSection(ExtensibilityGlobals) = postSolution
		SolutionGuid = {3CCED3F9-961E-4DF0-BC7D-DC6CC0F9738F}
	EndGlobalSection
EndGlobal
